
Microsoft Visual Studio Solution File, Format Version 12.00
# Visual Studio Version 16
VisualStudioVersion = 16.0.30114.105
MinimumVisualStudioVersion = 10.0.40219.1
Project("{FAE04EC0-301F-11D3-BF4B-00C04F79EFBC}") = "API", "API\API.csproj", "{B14445B7-B5C3-4E33-8597-81D4A2E83019}"
EndProject
Project("{FAE04EC0-301F-11D3-BF4B-00C04F79EFBC}") = "Application", "Application\Application.csproj", "{FC0D1F97-B577-4B9C-95DE-8B695459C8BD}"
EndProject
Project("{FAE04EC0-301F-11D3-BF4B-00C04F79EFBC}") = "Domain", "Domain\Domain.csproj", "{3DCFBFC9-83B1-4920-BA05-1B5D1805E186}"
EndProject
Project("{FAE04EC0-301F-11D3-BF4B-00C04F79EFBC}") = "Persistence", "Persistence\Persistence.csproj", "{65EE6383-63DB-421E-8F66-C81973F25839}"
EndProject
Global
	GlobalSection(SolutionConfigurationPlatforms) = preSolution
		Debug|Any CPU = Debug|Any CPU
		Release|Any CPU = Release|Any CPU
	EndGlobalSection
	GlobalSection(SolutionProperties) = preSolution
		HideSolutionNode = FALSE
	EndGlobalSection
	GlobalSection(ProjectConfigurationPlatforms) = postSolution
		{B14445B7-B5C3-4E33-8597-81D4A2E83019}.Debug|Any CPU.ActiveCfg = Debug|Any CPU
		{B14445B7-B5C3-4E33-8597-81D4A2E83019}.Debug|Any CPU.Build.0 = Debug|Any CPU
		{B14445B7-B5C3-4E33-8597-81D4A2E83019}.Release|Any CPU.ActiveCfg = Release|Any CPU
		{B14445B7-B5C3-4E33-8597-81D4A2E83019}.Release|Any CPU.Build.0 = Release|Any CPU
		{FC0D1F97-B577-4B9C-95DE-8B695459C8BD}.Debug|Any CPU.ActiveCfg = Debug|Any CPU
		{FC0D1F97-B577-4B9C-95DE-8B695459C8BD}.Debug|Any CPU.Build.0 = Debug|Any CPU
		{FC0D1F97-B577-4B9C-95DE-8B695459C8BD}.Release|Any CPU.ActiveCfg = Release|Any CPU
		{FC0D1F97-B577-4B9C-95DE-8B695459C8BD}.Release|Any CPU.Build.0 = Release|Any CPU
		{3DCFBFC9-83B1-4920-BA05-1B5D1805E186}.Debug|Any CPU.ActiveCfg = Debug|Any CPU
		{3DCFBFC9-83B1-4920-BA05-1B5D1805E186}.Debug|Any CPU.Build.0 = Debug|Any CPU
		{3DCFBFC9-83B1-4920-BA05-1B5D1805E186}.Release|Any CPU.ActiveCfg = Release|Any CPU
		{3DCFBFC9-83B1-4920-BA05-1B5D1805E186}.Release|Any CPU.Build.0 = Release|Any CPU
		{65EE6383-63DB-421E-8F66-C81973F25839}.Debug|Any CPU.ActiveCfg = Debug|Any CPU
		{65EE6383-63DB-421E-8F66-C81973F25839}.Debug|Any CPU.Build.0 = Debug|Any CPU
		{65EE6383-63DB-421E-8F66-C81973F25839}.Release|Any CPU.ActiveCfg = Release|Any CPU
		{65EE6383-63DB-421E-8F66-C81973F25839}.Release|Any CPU.Build.0 = Release|Any CPU
	EndGlobalSection
EndGlobal
